{
  "requires": true,
  "lockfileVersion": 1,
  "dependencies": {
    "localstorage-polyfill": {
      "version": "1.0.1",
      "resolved": "https://registry.npmjs.org/localstorage-polyfill/-/localstorage-polyfill-1.0.1.tgz",
      "integrity": "sha1-SzCD1LxR0jtBWFN+ZoFhN0E/0xo="
    },
    "parse-react": {
      "version": "0.5.2"
    }
  }
}
